
Microsoft Visual Studio Solution File, Format Version 12.00
# Visual Studio Version 17
VisualStudioVersion = 17.9.34728.123
MinimumVisualStudioVersion = 10.0.40219.1
Project("{9A19103F-16F7-4668-BE54-9A1E7A4F7556}") = "ResumeAPI", "ResumeAPI\ResumeAPI.csproj", "{65AFF939-FE4B-4FB5-A907-31EA4A4A99A0}"
EndProject
Project("{9A19103F-16F7-4668-BE54-9A1E7A4F7556}") = "Domain", "Domain\Domain.csproj", "{5A265419-8A82-4ED8-8B76-F5876BDED022}"
EndProject
Project("{9A19103F-16F7-4668-BE54-9A1E7A4F7556}") = "Infastructure", "Infastructure\Infastructure.csproj", "{877EAED3-D315-4CD2-8121-C574617CC32F}"
EndProject
Project("{9A19103F-16F7-4668-BE54-9A1E7A4F7556}") = "Application", "Application\Application.csproj", "{2D54383C-D4FD-44DC-8318-CE92E0C814AB}"
EndProject
Project("{2150E333-8FDC-42A3-9474-1A3956D46DE8}") = "Pdfs", "Pdfs", "{4A2B5D0C-CB3E-404C-A08B-421AD4622780}"
EndProject
Global
	GlobalSection(SolutionConfigurationPlatforms) = preSolution
		Debug|Any CPU = Debug|Any CPU
		Release|Any CPU = Release|Any CPU
	EndGlobalSection
	GlobalSection(ProjectConfigurationPlatforms) = postSolution
		{65AFF939-FE4B-4FB5-A907-31EA4A4A99A0}.Debug|Any CPU.ActiveCfg = Debug|Any CPU
		{65AFF939-FE4B-4FB5-A907-31EA4A4A99A0}.Debug|Any CPU.Build.0 = Debug|Any CPU
		{65AFF939-FE4B-4FB5-A907-31EA4A4A99A0}.Release|Any CPU.ActiveCfg = Release|Any CPU
		{65AFF939-FE4B-4FB5-A907-31EA4A4A99A0}.Release|Any CPU.Build.0 = Release|Any CPU
		{5A265419-8A82-4ED8-8B76-F5876BDED022}.Debug|Any CPU.ActiveCfg = Debug|Any CPU
		{5A265419-8A82-4ED8-8B76-F5876BDED022}.Debug|Any CPU.Build.0 = Debug|Any CPU
		{5A265419-8A82-4ED8-8B76-F5876BDED022}.Release|Any CPU.ActiveCfg = Release|Any CPU
		{5A265419-8A82-4ED8-8B76-F5876BDED022}.Release|Any CPU.Build.0 = Release|Any CPU
		{877EAED3-D315-4CD2-8121-C574617CC32F}.Debug|Any CPU.ActiveCfg = Debug|Any CPU
		{877EAED3-D315-4CD2-8121-C574617CC32F}.Debug|Any CPU.Build.0 = Debug|Any CPU
		{877EAED3-D315-4CD2-8121-C574617CC32F}.Release|Any CPU.ActiveCfg = Release|Any CPU
		{877EAED3-D315-4CD2-8121-C574617CC32F}.Release|Any CPU.Build.0 = Release|Any CPU
		{2D54383C-D4FD-44DC-8318-CE92E0C814AB}.Debug|Any CPU.ActiveCfg = Debug|Any CPU
		{2D54383C-D4FD-44DC-8318-CE92E0C814AB}.Debug|Any CPU.Build.0 = Debug|Any CPU
		{2D54383C-D4FD-44DC-8318-CE92E0C814AB}.Release|Any CPU.ActiveCfg = Release|Any CPU
		{2D54383C-D4FD-44DC-8318-CE92E0C814AB}.Release|Any CPU.Build.0 = Release|Any CPU
	EndGlobalSection
	GlobalSection(SolutionProperties) = preSolution
		HideSolutionNode = FALSE
	EndGlobalSection
	GlobalSection(ExtensibilityGlobals) = postSolution
		SolutionGuid = {DC3142BE-37A8-4A57-9BA5-FD55A92A2DE4}
	EndGlobalSection
EndGlobal
